// !$*UTF8*$!
{
	archiveVersion = 1;
	classes = {
	};
	objectVersion = 50;
	objects = {

/* Begin PBXBuildFile section */
		385466DD2463FD0500D91B73 /* main.cpp in Sources */ = {isa = PBXBuildFile; fileRef = 385466DC2463FD0500D91B73 /* main.cpp */; };
		3858EB692484F8010060DD34 /* Sally.cpp in Sources */ = {isa = PBXBuildFile; fileRef = 3858EB672484F8010060DD34 /* Sally.cpp */; };
		3858EB6B2484F9190060DD34 /* tutmain.cpp in Sources */ = {isa = PBXBuildFile; fileRef = 3858EB6A2484F9190060DD34 /* tutmain.cpp */; };
		3858EB762488DA580060DD34 /* main.cpp in Sources */ = {isa = PBXBuildFile; fileRef = 3858EB752488DA580060DD34 /* main.cpp */; };
		3858EB7D248E09C60060DD34 /* tut2.cpp in Sources */ = {isa = PBXBuildFile; fileRef = 3858EB7C248E09C60060DD34 /* tut2.cpp */; };
		3858EB7F24910B9B0060DD34 /* test_queue_map.cpp in Sources */ = {isa = PBXBuildFile; fileRef = 3858EB7E24910B9B0060DD34 /* test_queue_map.cpp */; };
/* End PBXBuildFile section */

/* Begin PBXCopyFilesBuildPhase section */
		385466D72463FD0500D91B73 /* CopyFiles */ = {
			isa = PBXCopyFilesBuildPhase;
			buildActionMask = 2147483647;
			dstPath = /usr/share/man/man1/;
			dstSubfolderSpec = 0;
			files = (
			);
			runOnlyForDeploymentPostprocessing = 1;
		};
		3858EB712488DA580060DD34 /* CopyFiles */ = {
			isa = PBXCopyFilesBuildPhase;
			buildActionMask = 2147483647;
			dstPath = /usr/share/man/man1/;
			dstSubfolderSpec = 0;
			files = (
			);
			runOnlyForDeploymentPostprocessing = 1;
		};
/* End PBXCopyFilesBuildPhase section */

/* Begin PBXFileReference section */
		385466D92463FD0500D91B73 /* start */ = {isa = PBXFileReference; explicitFileType = "compiled.mach-o.executable"; includeInIndex = 0; path = start; sourceTree = BUILT_PRODUCTS_DIR; };
		385466DC2463FD0500D91B73 /* main.cpp */ = {isa = PBXFileReference; lastKnownFileType = sourcecode.cpp.cpp; path = main.cpp; sourceTree = "<group>"; };
		3858EB672484F8010060DD34 /* Sally.cpp */ = {isa = PBXFileReference; lastKnownFileType = sourcecode.cpp.cpp; path = Sally.cpp; sourceTree = "<group>"; };
		3858EB682484F8010060DD34 /* Sally.hpp */ = {isa = PBXFileReference; lastKnownFileType = sourcecode.cpp.h; path = Sally.hpp; sourceTree = "<group>"; };
		3858EB6A2484F9190060DD34 /* tutmain.cpp */ = {isa = PBXFileReference; lastKnownFileType = sourcecode.cpp.cpp; path = tutmain.cpp; sourceTree = "<group>"; };
		3858EB732488DA580060DD34 /* 243 */ = {isa = PBXFileReference; explicitFileType = "compiled.mach-o.executable"; includeInIndex = 0; path = 243; sourceTree = BUILT_PRODUCTS_DIR; };
		3858EB752488DA580060DD34 /* main.cpp */ = {isa = PBXFileReference; lastKnownFileType = sourcecode.cpp.cpp; path = main.cpp; sourceTree = "<group>"; };
		3858EB7C248E09C60060DD34 /* tut2.cpp */ = {isa = PBXFileReference; lastKnownFileType = sourcecode.cpp.cpp; path = tut2.cpp; sourceTree = "<group>"; };
		3858EB7E24910B9B0060DD34 /* test_queue_map.cpp */ = {isa = PBXFileReference; lastKnownFileType = sourcecode.cpp.cpp; path = test_queue_map.cpp; sourceTree = "<group>"; };
/* End PBXFileReference section */

/* Begin PBXFrameworksBuildPhase section */
		385466D62463FD0500D91B73 /* Frameworks */ = {
			isa = PBXFrameworksBuildPhase;
			buildActionMask = 2147483647;
			files = (
			);
			runOnlyForDeploymentPostprocessing = 0;
		};
		3858EB702488DA580060DD34 /* Frameworks */ = {
			isa = PBXFrameworksBuildPhase;
			buildActionMask = 2147483647;
			files = (
			);
			runOnlyForDeploymentPostprocessing = 0;
		};
/* End PBXFrameworksBuildPhase section */

/* Begin PBXGroup section */
		385466D02463FD0500D91B73 = {
			isa = PBXGroup;
			children = (
				385466DB2463FD0500D91B73 /* start */,
				3858EB742488DA580060DD34 /* 243 */,
				385466DA2463FD0500D91B73 /* Products */,
			);
			sourceTree = "<group>";
		};
		385466DA2463FD0500D91B73 /* Products */ = {
			isa = PBXGroup;
			children = (
				385466D92463FD0500D91B73 /* start */,
				3858EB732488DA580060DD34 /* 243 */,
			);
			name = Products;
			sourceTree = "<group>";
		};
		385466DB2463FD0500D91B73 /* start */ = {
			isa = PBXGroup;
			children = (
				385466DC2463FD0500D91B73 /* main.cpp */,
				3858EB672484F8010060DD34 /* Sally.cpp */,
				3858EB682484F8010060DD34 /* Sally.hpp */,
				3858EB6A2484F9190060DD34 /* tutmain.cpp */,
				3858EB7C248E09C60060DD34 /* tut2.cpp */,
				3858EB7E24910B9B0060DD34 /* test_queue_map.cpp */,
			);
			path = start;
			sourceTree = "<group>";
		};
		3858EB742488DA580060DD34 /* 243 */ = {
			isa = PBXGroup;
			children = (
				3858EB752488DA580060DD34 /* main.cpp */,
			);
			path = 243;
			sourceTree = "<group>";
		};
/* End PBXGroup section */

/* Begin PBXNativeTarget section */
		385466D82463FD0500D91B73 /* start */ = {
			isa = PBXNativeTarget;
			buildConfigurationList = 385466E02463FD0500D91B73 /* Build configuration list for PBXNativeTarget "start" */;
			buildPhases = (
				385466D52463FD0500D91B73 /* Sources */,
				385466D62463FD0500D91B73 /* Frameworks */,
				385466D72463FD0500D91B73 /* CopyFiles */,
			);
			buildRules = (
			);
			dependencies = (
			);
			name = start;
			productName = start;
			productReference = 385466D92463FD0500D91B73 /* start */;
			productType = "com.apple.product-type.tool";
		};
		3858EB722488DA580060DD34 /* 243 */ = {
			isa = PBXNativeTarget;
			buildConfigurationList = 3858EB772488DA580060DD34 /* Build configuration list for PBXNativeTarget "243" */;
			buildPhases = (
				3858EB6F2488DA580060DD34 /* Sources */,
				3858EB702488DA580060DD34 /* Frameworks */,
				3858EB712488DA580060DD34 /* CopyFiles */,
			);
			buildRules = (
			);
			dependencies = (
			);
			name = 243;
			productName = 243;
			productReference = 3858EB732488DA580060DD34 /* 243 */;
			productType = "com.apple.product-type.tool";
		};
/* End PBXNativeTarget section */

/* Begin PBXProject section */
		385466D12463FD0500D91B73 /* Project object */ = {
			isa = PBXProject;
			attributes = {
				LastUpgradeCheck = 1140;
				ORGANIZATIONNAME = "郑淇文";
				TargetAttributes = {
					385466D82463FD0500D91B73 = {
						CreatedOnToolsVersion = 11.4.1;
					};
					3858EB722488DA580060DD34 = {
						CreatedOnToolsVersion = 11.5;
					};
				};
			};
			buildConfigurationList = 385466D42463FD0500D91B73 /* Build configuration list for PBXProject "start" */;
			compatibilityVersion = "Xcode 9.3";
			developmentRegion = en;
			hasScannedForEncodings = 0;
			knownRegions = (
				en,
				Base,
			);
			mainGroup = 385466D02463FD0500D91B73;
			productRefGroup = 385466DA2463FD0500D91B73 /* Products */;
			projectDirPath = "";
			projectRoot = "";
			targets = (
				385466D82463FD0500D91B73 /* start */,
				3858EB722488DA580060DD34 /* 243 */,
			);
		};
/* End PBXProject section */

/* Begin PBXSourcesBuildPhase section */
		385466D52463FD0500D91B73 /* Sources */ = {
			isa = PBXSourcesBuildPhase;
			buildActionMask = 2147483647;
			files = (
				3858EB7D248E09C60060DD34 /* tut2.cpp in Sources */,
				3858EB7F24910B9B0060DD34 /* test_queue_map.cpp in Sources */,
				3858EB6B2484F9190060DD34 /* tutmain.cpp in Sources */,
				385466DD2463FD0500D91B73 /* main.cpp in Sources */,
				3858EB692484F8010060DD34 /* Sally.cpp in Sources */,
			);
			runOnlyForDeploymentPostprocessing = 0;
		};
		3858EB6F2488DA580060DD34 /* Sources */ = {
			isa = PBXSourcesBuildPhase;
			buildActionMask = 2147483647;
			files = (
				3858EB762488DA580060DD34 /* main.cpp in Sources */,
			);
			runOnlyForDeploymentPostprocessing = 0;
		};
/* End PBXSourcesBuildPhase section */

/* Begin XCBuildConfiguration section */
		385466DE2463FD0500D91B73 /* Debug */ = {
			isa = XCBuildConfiguration;
			buildSettings = {
				ALWAYS_SEARCH_USER_PATHS = NO;
				CLANG_ANALYZER_NONNULL = YES;
				CLANG_ANALYZER_NUMBER_OBJECT_CONVERSION = YES_AGGRESSIVE;
				CLANG_CXX_LANGUAGE_STANDARD = "gnu++14";
				CLANG_CXX_LIBRARY = "libc++";
				CLANG_ENABLE_MODULES = YES;
				CLANG_ENABLE_OBJC_ARC = YES;
				CLANG_ENABLE_OBJC_WEAK = YES;
				CLANG_WARN_BLOCK_CAPTURE_AUTORELEASING = YES;
				CLANG_WARN_BOOL_CONVERSION = YES;
				CLANG_WARN_COMMA = YES;
				CLANG_WARN_CONSTANT_CONVERSION = YES;
				CLANG_WARN_DEPRECATED_OBJC_IMPLEMENTATIONS = YES;
				CLANG_WARN_DIRECT_OBJC_ISA_USAGE = YES_ERROR;
				CLANG_WARN_DOCUMENTATION_COMMENTS = YES;
				CLANG_WARN_EMPTY_BODY = YES;
				CLANG_WARN_ENUM_CONVERSION = YES;
				CLANG_WARN_INFINITE_RECURSION = YES;
				CLANG_WARN_INT_CONVERSION = YES;
				CLANG_WARN_NON_LITERAL_NULL_CONVERSION = YES;
				CLANG_WARN_OBJC_IMPLICIT_RETAIN_SELF = YES;
				CLANG_WARN_OBJC_LITERAL_CONVERSION = YES;
				CLANG_WARN_OBJC_ROOT_CLASS = YES_ERROR;
				CLANG_WARN_RANGE_LOOP_ANALYSIS = YES;
				CLANG_WARN_STRICT_PROTOTYPES = YES;
				CLANG_WARN_SUSPICIOUS_MOVE = YES;
				CLANG_WARN_UNGUARDED_AVAILABILITY = YES_AGGRESSIVE;
				CLANG_WARN_UNREACHABLE_CODE = YES;
				CLANG_WARN__DUPLICATE_METHOD_MATCH = YES;
				COPY_PHASE_STRIP = NO;
				DEBUG_INFORMATION_FORMAT = dwarf;
				ENABLE_STRICT_OBJC_MSGSEND = YES;
				ENABLE_TESTABILITY = YES;
				GCC_C_LANGUAGE_STANDARD = gnu11;
				GCC_DYNAMIC_NO_PIC = NO;
				GCC_NO_COMMON_BLOCKS = YES;
				GCC_OPTIMIZATION_LEVEL = 0;
				GCC_PREPROCESSOR_DEFINITIONS = (
					"DEBUG=1",
					"$(inherited)",
				);
				GCC_WARN_64_TO_32_BIT_CONVERSION = YES;
				GCC_WARN_ABOUT_RETURN_TYPE = YES_ERROR;
				GCC_WARN_UNDECLARED_SELECTOR = YES;
				GCC_WARN_UNINITIALIZED_AUTOS = YES_AGGRESSIVE;
				GCC_WARN_UNUSED_FUNCTION = YES;
				GCC_WARN_UNUSED_VARIABLE = YES;
				MACOSX_DEPLOYMENT_TARGET = 10.15;
				MTL_ENABLE_DEBUG_INFO = INCLUDE_SOURCE;
				MTL_FAST_MATH = YES;
				ONLY_ACTIVE_ARCH = YES;
				SDKROOT = macosx;
			};
			name = Debug;
		};
		385466DF2463FD0500D91B73 /* Release */ = {
			isa = XCBuildConfiguration;
			buildSettings = {
				ALWAYS_SEARCH_USER_PATHS = NO;
				CLANG_ANALYZER_NONNULL = YES;
				CLANG_ANALYZER_NUMBER_OBJECT_CONVERSION = YES_AGGRESSIVE;
				CLANG_CXX_LANGUAGE_STANDARD = "gnu++14";
				CLANG_CXX_LIBRARY = "libc++";
				CLANG_ENABLE_MODULES = YES;
				CLANG_ENABLE_OBJC_ARC = YES;
				CLANG_ENABLE_OBJC_WEAK = YES;
				CLANG_WARN_BLOCK_CAPTURE_AUTORELEASING = YES;
				CLANG_WARN_BOOL_CONVERSION = YES;
				CLANG_WARN_COMMA = YES;
				CLANG_WARN_CONSTANT_CONVERSION = YES;
				CLANG_WARN_DEPRECATED_OBJC_IMPLEMENTATIONS = YES;
				CLANG_WARN_DIRECT_OBJC_ISA_USAGE = YES_ERROR;
				CLANG_WARN_DOCUMENTATION_COMMENTS = YES;
				CLANG_WARN_EMPTY_BODY = YES;
				CLANG_WARN_ENUM_CONVERSION = YES;
				CLANG_WARN_INFINITE_RECURSION = YES;
				CLANG_WARN_INT_CONVERSION = YES;
				CLANG_WARN_NON_LITERAL_NULL_CONVERSION = YES;
				CLANG_WARN_OBJC_IMPLICIT_RETAIN_SELF = YES;
				CLANG_WARN_OBJC_LITERAL_CONVERSION = YES;
				CLANG_WARN_OBJC_ROOT_CLASS = YES_ERROR;
				CLANG_WARN_RANGE_LOOP_ANALYSIS = YES;
				CLANG_WARN_STRICT_PROTOTYPES = YES;
				CLANG_WARN_SUSPICIOUS_MOVE = YES;
				CLANG_WARN_UNGUARDED_AVAILABILITY = YES_AGGRESSIVE;
				CLANG_WARN_UNREACHABLE_CODE = YES;
				CLANG_WARN__DUPLICATE_METHOD_MATCH = YES;
				COPY_PHASE_STRIP = NO;
				DEBUG_INFORMATION_FORMAT = "dwarf-with-dsym";
				ENABLE_NS_ASSERTIONS = NO;
				ENABLE_STRICT_OBJC_MSGSEND = YES;
				GCC_C_LANGUAGE_STANDARD = gnu11;
				GCC_NO_COMMON_BLOCKS = YES;
				GCC_WARN_64_TO_32_BIT_CONVERSION = YES;
				GCC_WARN_ABOUT_RETURN_TYPE = YES_ERROR;
				GCC_WARN_UNDECLARED_SELECTOR = YES;
				GCC_WARN_UNINITIALIZED_AUTOS = YES_AGGRESSIVE;
				GCC_WARN_UNUSED_FUNCTION = YES;
				GCC_WARN_UNUSED_VARIABLE = YES;
				MACOSX_DEPLOYMENT_TARGET = 10.15;
				MTL_ENABLE_DEBUG_INFO = NO;
				MTL_FAST_MATH = YES;
				SDKROOT = macosx;
			};
			name = Release;
		};
		385466E12463FD0500D91B73 /* Debug */ = {
			isa = XCBuildConfiguration;
			buildSettings = {
				CODE_SIGN_STYLE = Automatic;
				PRODUCT_NAME = "$(TARGET_NAME)";
			};
			name = Debug;
		};
		385466E22463FD0500D91B73 /* Release */ = {
			isa = XCBuildConfiguration;
			buildSettings = {
				CODE_SIGN_STYLE = Automatic;
				PRODUCT_NAME = "$(TARGET_NAME)";
			};
			name = Release;
		};
		3858EB782488DA580060DD34 /* Debug */ = {
			isa = XCBuildConfiguration;
			buildSettings = {
				CODE_SIGN_STYLE = Automatic;
				PRODUCT_NAME = "$(TARGET_NAME)";
			};
			name = Debug;
		};
		3858EB792488DA580060DD34 /* Release */ = {
			isa = XCBuildConfiguration;
			buildSettings = {
				CODE_SIGN_STYLE = Automatic;
				PRODUCT_NAME = "$(TARGET_NAME)";
			};
			name = Release;
		};
/* End XCBuildConfiguration section */

/* Begin XCConfigurationList section */
		385466D42463FD0500D91B73 /* Build configuration list for PBXProject "start" */ = {
			isa = XCConfigurationList;
			buildConfigurations = (
				385466DE2463FD0500D91B73 /* Debug */,
				385466DF2463FD0500D91B73 /* Release */,
			);
			defaultConfigurationIsVisible = 0;
			defaultConfigurationName = Release;
		};
		385466E02463FD0500D91B73 /* Build configuration list for PBXNativeTarget "start" */ = {
			isa = XCConfigurationList;
			buildConfigurations = (
				385466E12463FD0500D91B73 /* Debug */,
				385466E22463FD0500D91B73 /* Release */,
			);
			defaultConfigurationIsVisible = 0;
			defaultConfigurationName = Release;
		};
		3858EB772488DA580060DD34 /* Build configuration list for PBXNativeTarget "243" */ = {
			isa = XCConfigurationList;
			buildConfigurations = (
				3858EB782488DA580060DD34 /* Debug */,
				3858EB792488DA580060DD34 /* Release */,
			);
			defaultConfigurationIsVisible = 0;
			defaultConfigurationName = Release;
		};
/* End XCConfigurationList section */
	};
	rootObject = 385466D12463FD0500D91B73 /* Project object */;
}
